
Microsoft Visual Studio Solution File, Format Version 12.00
# Visual Studio Version 17
VisualStudioVersion = 17.4.33213.308
MinimumVisualStudioVersion = 10.0.40219.1
Project("{FAE04EC0-301F-11D3-BF4B-00C04F79EFBC}") = "TpVecteur", "TpVecteur\TpVecteur.csproj", "{B11D6730-68ED-415B-BCF9-FC443E97A0FE}"
EndProject
Global
	GlobalSection(SolutionConfigurationPlatforms) = preSolution
		Debug|Any CPU = Debug|Any CPU
		Release|Any CPU = Release|Any CPU
	EndGlobalSection
	GlobalSection(ProjectConfigurationPlatforms) = postSolution
		{B11D6730-68ED-415B-BCF9-FC443E97A0FE}.Debug|Any CPU.ActiveCfg = Debug|Any CPU
		{B11D6730-68ED-415B-BCF9-FC443E97A0FE}.Debug|Any CPU.Build.0 = Debug|Any CPU
		{B11D6730-68ED-415B-BCF9-FC443E97A0FE}.Release|Any CPU.ActiveCfg = Release|Any CPU
		{B11D6730-68ED-415B-BCF9-FC443E97A0FE}.Release|Any CPU.Build.0 = Release|Any CPU
	EndGlobalSection
	GlobalSection(SolutionProperties) = preSolution
		HideSolutionNode = FALSE
	EndGlobalSection
	GlobalSection(ExtensibilityGlobals) = postSolution
		SolutionGuid = {A8887563-9360-499F-B6DD-AD81411D340D}
	EndGlobalSection
EndGlobal
